
Microsoft Visual Studio Solution File, Format Version 12.00
# Visual Studio Version 16
VisualStudioVersion = 16.0.30907.101
MinimumVisualStudioVersion = 10.0.40219.1
Project("{FAE04EC0-301F-11D3-BF4B-00C04F79EFBC}") = "My Binary Search", "My Binary Search.csproj", "{B2D574E4-4F28-436F-A74B-077DEAAE9400}"
EndProject
Global
	GlobalSection(SolutionConfigurationPlatforms) = preSolution
		Debug|Any CPU = Debug|Any CPU
		Release|Any CPU = Release|Any CPU
	EndGlobalSection
	GlobalSection(ProjectConfigurationPlatforms) = postSolution
		{B2D574E4-4F28-436F-A74B-077DEAAE9400}.Debug|Any CPU.ActiveCfg = Debug|Any CPU
		{B2D574E4-4F28-436F-A74B-077DEAAE9400}.Debug|Any CPU.Build.0 = Debug|Any CPU
		{B2D574E4-4F28-436F-A74B-077DEAAE9400}.Release|Any CPU.ActiveCfg = Release|Any CPU
		{B2D574E4-4F28-436F-A74B-077DEAAE9400}.Release|Any CPU.Build.0 = Release|Any CPU
	EndGlobalSection
	GlobalSection(SolutionProperties) = preSolution
		HideSolutionNode = FALSE
	EndGlobalSection
	GlobalSection(ExtensibilityGlobals) = postSolution
		SolutionGuid = {75D51DF0-E621-4179-9DA5-4F93FBF25A11}
	EndGlobalSection
EndGlobal
